
Microsoft Visual Studio Solution File, Format Version 12.00
# Visual Studio Version 17
VisualStudioVersion = 17.8.34330.188
MinimumVisualStudioVersion = 10.0.40219.1
Project("{FAE04EC0-301F-11D3-BF4B-00C04F79EFBC}") = "EmailCustomerServiceApi", "EmailCustomerServiceApi\EmailCustomerServiceApi.csproj", "{9BF16BFD-A819-425D-8BD1-A490F7BA5CC6}"
EndProject
Global
	GlobalSection(SolutionConfigurationPlatforms) = preSolution
		Debug|Any CPU = Debug|Any CPU
		Release|Any CPU = Release|Any CPU
	EndGlobalSection
	GlobalSection(ProjectConfigurationPlatforms) = postSolution
		{9BF16BFD-A819-425D-8BD1-A490F7BA5CC6}.Debug|Any CPU.ActiveCfg = Debug|Any CPU
		{9BF16BFD-A819-425D-8BD1-A490F7BA5CC6}.Debug|Any CPU.Build.0 = Debug|Any CPU
		{9BF16BFD-A819-425D-8BD1-A490F7BA5CC6}.Release|Any CPU.ActiveCfg = Release|Any CPU
		{9BF16BFD-A819-425D-8BD1-A490F7BA5CC6}.Release|Any CPU.Build.0 = Release|Any CPU
	EndGlobalSection
	GlobalSection(SolutionProperties) = preSolution
		HideSolutionNode = FALSE
	EndGlobalSection
	GlobalSection(ExtensibilityGlobals) = postSolution
		SolutionGuid = {A0B4358B-3D24-442B-94E8-B063341DB932}
	EndGlobalSection
EndGlobal
